
Microsoft Visual Studio Solution File, Format Version 12.00
# Visual Studio 15
VisualStudioVersion = 15.0.27130.2027
MinimumVisualStudioVersion = 10.0.40219.1
Project("{FAE04EC0-301F-11D3-BF4B-00C04F79EFBC}") = "MemExchange.Server", "MemExchange.Server\MemExchange.Server.csproj", "{03352949-7ACF-482E-ACDE-7D43975738D7}"
EndProject
Project("{FAE04EC0-301F-11D3-BF4B-00C04F79EFBC}") = "MemExchange.Tests", "MemExchange.Tests\MemExchange.Tests.csproj", "{4A25515F-ED54-45F4-8BE5-831B10E3FBC0}"
EndProject
Project("{FAE04EC0-301F-11D3-BF4B-00C04F79EFBC}") = "MemExchange.Core", "MemExchange.Core\MemExchange.Core.csproj", "{68F6B086-8BA2-4D1E-A2BD-C2159E25333F}"
EndProject
Global
	GlobalSection(SolutionConfigurationPlatforms) = preSolution
		Debug|Any CPU = Debug|Any CPU
		Release|Any CPU = Release|Any CPU
	EndGlobalSection
	GlobalSection(ProjectConfigurationPlatforms) = postSolution
		{03352949-7ACF-482E-ACDE-7D43975738D7}.Debug|Any CPU.ActiveCfg = Debug|Any CPU
		{03352949-7ACF-482E-ACDE-7D43975738D7}.Debug|Any CPU.Build.0 = Debug|Any CPU
		{03352949-7ACF-482E-ACDE-7D43975738D7}.Release|Any CPU.ActiveCfg = Release|Any CPU
		{03352949-7ACF-482E-ACDE-7D43975738D7}.Release|Any CPU.Build.0 = Release|Any CPU
		{4A25515F-ED54-45F4-8BE5-831B10E3FBC0}.Debug|Any CPU.ActiveCfg = Debug|Any CPU
		{4A25515F-ED54-45F4-8BE5-831B10E3FBC0}.Debug|Any CPU.Build.0 = Debug|Any CPU
		{4A25515F-ED54-45F4-8BE5-831B10E3FBC0}.Release|Any CPU.ActiveCfg = Release|Any CPU
		{4A25515F-ED54-45F4-8BE5-831B10E3FBC0}.Release|Any CPU.Build.0 = Release|Any CPU
		{68F6B086-8BA2-4D1E-A2BD-C2159E25333F}.Debug|Any CPU.ActiveCfg = Debug|Any CPU
		{68F6B086-8BA2-4D1E-A2BD-C2159E25333F}.Debug|Any CPU.Build.0 = Debug|Any CPU
		{68F6B086-8BA2-4D1E-A2BD-C2159E25333F}.Release|Any CPU.ActiveCfg = Release|Any CPU
		{68F6B086-8BA2-4D1E-A2BD-C2159E25333F}.Release|Any CPU.Build.0 = Release|Any CPU
	EndGlobalSection
	GlobalSection(SolutionProperties) = preSolution
		HideSolutionNode = FALSE
	EndGlobalSection
	GlobalSection(ExtensibilityGlobals) = postSolution
		SolutionGuid = {D5454445-0FF7-4820-9991-54419628BE34}
	EndGlobalSection
EndGlobal
