
Microsoft Visual Studio Solution File, Format Version 12.00
# Visual Studio 15
VisualStudioVersion = 15.0.27130.2027
MinimumVisualStudioVersion = 10.0.40219.1
Project("{9A19103F-16F7-4668-BE54-9A1E7A4F7556}") = "MemExchange.Server", "MemExchange.Server\MemExchange.Server.csproj", "{03352949-7ACF-482E-ACDE-7D43975738D7}"
EndProject
Project("{9A19103F-16F7-4668-BE54-9A1E7A4F7556}") = "MemExchange.Tests", "MemExchange.Tests\MemExchange.Tests.csproj", "{4A25515F-ED54-45F4-8BE5-831B10E3FBC0}"
EndProject
Project("{FAE04EC0-301F-11D3-BF4B-00C04F79EFBC}") = "MemExchange.Client.UI", "MemExchange.Client.UI\MemExchange.Client.UI.csproj", "{5907358D-7F17-49C3-8DA4-F2AE58DA2171}"
EndProject
Project("{9A19103F-16F7-4668-BE54-9A1E7A4F7556}") = "MemExchange.Core", "MemExchange.Core\MemExchange.Core.csproj", "{6E084322-CC9C-4700-9D81-DFCF6E633347}"
EndProject
Project("{9A19103F-16F7-4668-BE54-9A1E7A4F7556}") = "MemExchange.ClientApi", "MemExchange.ClientApi\MemExchange.ClientApi.csproj", "{9F843E4D-63CA-41E1-B379-008751D37F9B}"
EndProject
Global
	GlobalSection(SolutionConfigurationPlatforms) = preSolution
		Debug|Any CPU = Debug|Any CPU
		Release|Any CPU = Release|Any CPU
	EndGlobalSection
	GlobalSection(ProjectConfigurationPlatforms) = postSolution
		{03352949-7ACF-482E-ACDE-7D43975738D7}.Debug|Any CPU.ActiveCfg = Debug|Any CPU
		{03352949-7ACF-482E-ACDE-7D43975738D7}.Debug|Any CPU.Build.0 = Debug|Any CPU
		{03352949-7ACF-482E-ACDE-7D43975738D7}.Release|Any CPU.ActiveCfg = Release|Any CPU
		{03352949-7ACF-482E-ACDE-7D43975738D7}.Release|Any CPU.Build.0 = Release|Any CPU
		{4A25515F-ED54-45F4-8BE5-831B10E3FBC0}.Debug|Any CPU.ActiveCfg = Debug|Any CPU
		{4A25515F-ED54-45F4-8BE5-831B10E3FBC0}.Debug|Any CPU.Build.0 = Debug|Any CPU
		{4A25515F-ED54-45F4-8BE5-831B10E3FBC0}.Release|Any CPU.ActiveCfg = Release|Any CPU
		{4A25515F-ED54-45F4-8BE5-831B10E3FBC0}.Release|Any CPU.Build.0 = Release|Any CPU
		{5907358D-7F17-49C3-8DA4-F2AE58DA2171}.Debug|Any CPU.ActiveCfg = Debug|Any CPU
		{5907358D-7F17-49C3-8DA4-F2AE58DA2171}.Debug|Any CPU.Build.0 = Debug|Any CPU
		{5907358D-7F17-49C3-8DA4-F2AE58DA2171}.Release|Any CPU.ActiveCfg = Release|Any CPU
		{5907358D-7F17-49C3-8DA4-F2AE58DA2171}.Release|Any CPU.Build.0 = Release|Any CPU
		{6E084322-CC9C-4700-9D81-DFCF6E633347}.Debug|Any CPU.ActiveCfg = Debug|Any CPU
		{6E084322-CC9C-4700-9D81-DFCF6E633347}.Debug|Any CPU.Build.0 = Debug|Any CPU
		{6E084322-CC9C-4700-9D81-DFCF6E633347}.Release|Any CPU.ActiveCfg = Release|Any CPU
		{6E084322-CC9C-4700-9D81-DFCF6E633347}.Release|Any CPU.Build.0 = Release|Any CPU
		{9F843E4D-63CA-41E1-B379-008751D37F9B}.Debug|Any CPU.ActiveCfg = Debug|Any CPU
		{9F843E4D-63CA-41E1-B379-008751D37F9B}.Debug|Any CPU.Build.0 = Debug|Any CPU
		{9F843E4D-63CA-41E1-B379-008751D37F9B}.Release|Any CPU.ActiveCfg = Release|Any CPU
		{9F843E4D-63CA-41E1-B379-008751D37F9B}.Release|Any CPU.Build.0 = Release|Any CPU
	EndGlobalSection
	GlobalSection(SolutionProperties) = preSolution
		HideSolutionNode = FALSE
	EndGlobalSection
	GlobalSection(ExtensibilityGlobals) = postSolution
		SolutionGuid = {D5454445-0FF7-4820-9991-54419628BE34}
	EndGlobalSection
EndGlobal
